
Microsoft Visual Studio Solution File, Format Version 12.00
# Visual Studio Version 16
VisualStudioVersion = 16.0.32228.343
MinimumVisualStudioVersion = 10.0.40219.1
Project("{9A19103F-16F7-4668-BE54-9A1E7A4F7556}") = "Lab04-TicTacToe", "Lab04-TicTacToe\Lab04-TicTacToe.csproj", "{B29D2F0D-D208-46C0-BDDF-98A2ED2DB941}"
EndProject
Project("{FAE04EC0-301F-11D3-BF4B-00C04F79EFBC}") = "TestProject", "TestProject\TestProject.csproj", "{5A721F1C-4A54-4022-ADB0-16F2D3FBA895}"
EndProject
Global
	GlobalSection(SolutionConfigurationPlatforms) = preSolution
		Debug|Any CPU = Debug|Any CPU
		Release|Any CPU = Release|Any CPU
	EndGlobalSection
	GlobalSection(ProjectConfigurationPlatforms) = postSolution
		{B29D2F0D-D208-46C0-BDDF-98A2ED2DB941}.Debug|Any CPU.ActiveCfg = Debug|Any CPU
		{B29D2F0D-D208-46C0-BDDF-98A2ED2DB941}.Debug|Any CPU.Build.0 = Debug|Any CPU
		{B29D2F0D-D208-46C0-BDDF-98A2ED2DB941}.Release|Any CPU.ActiveCfg = Release|Any CPU
		{B29D2F0D-D208-46C0-BDDF-98A2ED2DB941}.Release|Any CPU.Build.0 = Release|Any CPU
		{5A721F1C-4A54-4022-ADB0-16F2D3FBA895}.Debug|Any CPU.ActiveCfg = Debug|Any CPU
		{5A721F1C-4A54-4022-ADB0-16F2D3FBA895}.Debug|Any CPU.Build.0 = Debug|Any CPU
		{5A721F1C-4A54-4022-ADB0-16F2D3FBA895}.Release|Any CPU.ActiveCfg = Release|Any CPU
		{5A721F1C-4A54-4022-ADB0-16F2D3FBA895}.Release|Any CPU.Build.0 = Release|Any CPU
	EndGlobalSection
	GlobalSection(SolutionProperties) = preSolution
		HideSolutionNode = FALSE
	EndGlobalSection
	GlobalSection(ExtensibilityGlobals) = postSolution
		SolutionGuid = {B9706173-23CD-47D6-B685-BF7F065CED3A}
	EndGlobalSection
EndGlobal
